Microsoft Visual Studio Solution File, Format Version 12.00
# Visual Studio Version 17
VisualStudioVersion = 17.5.2.0
MinimumVisualStudioVersion = 10.0.40219.1
Project("{FAE04EC0-301F-11D3-BF4B-00C04F79EFBC}") = "nuoviCicli2", "nuoviCicli2\nuoviCicli2.csproj", "{35DF32DD-9193-B7C8-8A9B-32058E24FAE9}"
EndProject
Global
	GlobalSection(SolutionConfigurationPlatforms) = preSolution
		Debug|Any CPU = Debug|Any CPU
		Release|Any CPU = Release|Any CPU
	EndGlobalSection
	GlobalSection(ProjectConfigurationPlatforms) = postSolution
		{35DF32DD-9193-B7C8-8A9B-32058E24FAE9}.Debug|Any CPU.ActiveCfg = Debug|Any CPU
		{35DF32DD-9193-B7C8-8A9B-32058E24FAE9}.Debug|Any CPU.Build.0 = Debug|Any CPU
		{35DF32DD-9193-B7C8-8A9B-32058E24FAE9}.Release|Any CPU.ActiveCfg = Release|Any CPU
		{35DF32DD-9193-B7C8-8A9B-32058E24FAE9}.Release|Any CPU.Build.0 = Release|Any CPU
	EndGlobalSection
	GlobalSection(SolutionProperties) = preSolution
		HideSolutionNode = FALSE
	EndGlobalSection
	GlobalSection(ExtensibilityGlobals) = postSolution
		SolutionGuid = {745C2960-A6B7-4486-9DA1-0E25FD5BC1B8}
	EndGlobalSection
EndGlobal
